
Microsoft Visual Studio Solution File, Format Version 12.00
# Visual Studio 2013
VisualStudioVersion = 12.0.31101.0
MinimumVisualStudioVersion = 10.0.40219.1
Project("{FAE04EC0-301F-11D3-BF4B-00C04F79EFBC}") = "Dota2.Service", "WebApplication1\Dota2.Service.csproj", "{3F33AC22-5C57-4C16-A8BA-0532844C7F71}"
	ProjectSection(ProjectDependencies) = postProject
		{224A3873-7565-40F7-9A8E-F90DB99E6667} = {224A3873-7565-40F7-9A8E-F90DB99E6667}
		{1D1D5D87-2554-48AB-9257-CDD668A8F3F5} = {1D1D5D87-2554-48AB-9257-CDD668A8F3F5}
		{52A863F0-0B8F-4FE9-BCD7-C71ACD3F670B} = {52A863F0-0B8F-4FE9-BCD7-C71ACD3F670B}
	EndProjectSection
EndProject
Project("{FAE04EC0-301F-11D3-BF4B-00C04F79EFBC}") = "Dota2.Domain", "Dota2.Domain\Dota2.Domain.csproj", "{224A3873-7565-40F7-9A8E-F90DB99E6667}"
EndProject
Project("{FAE04EC0-301F-11D3-BF4B-00C04F79EFBC}") = "Dota2.Manager", "Dota2.Manager\Dota2.Manager.csproj", "{1D1D5D87-2554-48AB-9257-CDD668A8F3F5}"
EndProject
Project("{FAE04EC0-301F-11D3-BF4B-00C04F79EFBC}") = "Dota2.Transport", "Dota2.Transport\Dota2.Transport.csproj", "{52A863F0-0B8F-4FE9-BCD7-C71ACD3F670B}"
EndProject
Project("{FAE04EC0-301F-11D3-BF4B-00C04F79EFBC}") = "Dota2.Utilities", "Dota2.Utilities\Dota2.Utilities.csproj", "{8C398FBA-812F-4479-94C8-F82618ACD9AB}"
EndProject
Global
	GlobalSection(SolutionConfigurationPlatforms) = preSolution
		Debug|Any CPU = Debug|Any CPU
		Release|Any CPU = Release|Any CPU
	EndGlobalSection
	GlobalSection(ProjectConfigurationPlatforms) = postSolution
		{3F33AC22-5C57-4C16-A8BA-0532844C7F71}.Debug|Any CPU.ActiveCfg = Debug|Any CPU
		{3F33AC22-5C57-4C16-A8BA-0532844C7F71}.Debug|Any CPU.Build.0 = Debug|Any CPU
		{3F33AC22-5C57-4C16-A8BA-0532844C7F71}.Release|Any CPU.ActiveCfg = Release|Any CPU
		{3F33AC22-5C57-4C16-A8BA-0532844C7F71}.Release|Any CPU.Build.0 = Release|Any CPU
		{224A3873-7565-40F7-9A8E-F90DB99E6667}.Debug|Any CPU.ActiveCfg = Debug|Any CPU
		{224A3873-7565-40F7-9A8E-F90DB99E6667}.Debug|Any CPU.Build.0 = Debug|Any CPU
		{224A3873-7565-40F7-9A8E-F90DB99E6667}.Release|Any CPU.ActiveCfg = Release|Any CPU
		{224A3873-7565-40F7-9A8E-F90DB99E6667}.Release|Any CPU.Build.0 = Release|Any CPU
		{1D1D5D87-2554-48AB-9257-CDD668A8F3F5}.Debug|Any CPU.ActiveCfg = Debug|Any CPU
		{1D1D5D87-2554-48AB-9257-CDD668A8F3F5}.Debug|Any CPU.Build.0 = Debug|Any CPU
		{1D1D5D87-2554-48AB-9257-CDD668A8F3F5}.Release|Any CPU.ActiveCfg = Release|Any CPU
		{1D1D5D87-2554-48AB-9257-CDD668A8F3F5}.Release|Any CPU.Build.0 = Release|Any CPU
		{52A863F0-0B8F-4FE9-BCD7-C71ACD3F670B}.Debug|Any CPU.ActiveCfg = Debug|Any CPU
		{52A863F0-0B8F-4FE9-BCD7-C71ACD3F670B}.Debug|Any CPU.Build.0 = Debug|Any CPU
		{52A863F0-0B8F-4FE9-BCD7-C71ACD3F670B}.Release|Any CPU.ActiveCfg = Release|Any CPU
		{52A863F0-0B8F-4FE9-BCD7-C71ACD3F670B}.Release|Any CPU.Build.0 = Release|Any CPU
		{8C398FBA-812F-4479-94C8-F82618ACD9AB}.Debug|Any CPU.ActiveCfg = Debug|Any CPU
		{8C398FBA-812F-4479-94C8-F82618ACD9AB}.Debug|Any CPU.Build.0 = Debug|Any CPU
		{8C398FBA-812F-4479-94C8-F82618ACD9AB}.Release|Any CPU.ActiveCfg = Release|Any CPU
		{8C398FBA-812F-4479-94C8-F82618ACD9AB}.Release|Any CPU.Build.0 = Release|Any CPU
	EndGlobalSection
	GlobalSection(SolutionProperties) = preSolution
		HideSolutionNode = FALSE
	EndGlobalSection
EndGlobal
